Microsoft Visual Studio Solution File, Format Version 7.00
Project("{8BC9CEB8-8B4A-11D0-8D11-00A0C91BC942}") = "DRAWCLI", "..\Samples\DRAWCLI\DRAWCLI.vcproj", "{5E8E4D61-6C48-4F65-930E-7DCBCAE711A5}"
EndProject
Project("{8BC9CEB8-8B4A-11D0-8D11-00A0C91BC942}") = "FixedSizePanels", "..\Samples\FixedSizePanels\FixedSizePanels.vcproj", "{BA4D6EB6-30A2-40DE-845F-7C2D38CECF92}"
EndProject
Project("{8BC9CEB8-8B4A-11D0-8D11-00A0C91BC942}") = "FullScreenState", "..\Samples\FullScreenState\FullScreenState.vcproj", "{EB54298E-D6FF-40B6-AA26-53C33F44CC7B}"
EndProject
Project("{8BC9CEB8-8B4A-11D0-8D11-00A0C91BC942}") = "MDI", "..\Samples\MDI\MDI.vcproj", "{55CD4AA9-E0E8-4E4B-A471-1DB5718091C3}"
EndProject
Project("{8BC9CEB8-8B4A-11D0-8D11-00A0C91BC942}") = "MDIDOCVIEW", "..\Samples\MDIDOCVIEW\MDIDOCVIEW.vcproj", "{06D53EEC-365D-49F8-8A40-85A622F8DF2C}"
EndProject
Project("{8BC9CEB8-8B4A-11D0-8D11-00A0C91BC942}") = "MDI_InnerOuterBars", "..\Samples\MDI_InnerOuterBars\MDI_InnerOuterBars.vcproj", "{8812633A-84AE-4EBB-BFA2-D2E7213D7CEB}"
EndProject
Project("{8BC9CEB8-8B4A-11D0-8D11-00A0C91BC942}") = "MthOutput", "..\Samples\MthOutput\MthOutput.vcproj", "{76EDA5D6-9DE8-4D20-B4DA-A73BF95621F7}"
EndProject
Project("{8BC9CEB8-8B4A-11D0-8D11-00A0C91BC942}") = "ProfUIS_Controls", "..\Samples\ProfUIS_Controls\ProfUIS_Controls.vcproj", "{BCD0F403-BAD7-49C2-83AC-7FF600F9A2E8}"
EndProject
Project("{8BC9CEB8-8B4A-11D0-8D11-00A0C91BC942}") = "ResizableChildSheet", "..\Samples\ResizableChildSheet\ResizableChildSheet.vcproj", "{0732B4F0-A949-411D-9F8B-D9BD62CD01E2}"
EndProject
Project("{8BC9CEB8-8B4A-11D0-8D11-00A0C91BC942}") = "ResizablePropertySheet", "..\Samples\ResizablePropertySheet\ResizablePropertySheet.vcproj", "{5059D713-0077-43EA-9F9F-FB1E179813E1}"
EndProject
Project("{8BC9CEB8-8B4A-11D0-8D11-00A0C91BC942}") = "SDI", "..\Samples\SDI\SDI.vcproj", "{81E6429B-81D0-4AD6-9E10-CA7B52A7294C}"
EndProject
Project("{8BC9CEB8-8B4A-11D0-8D11-00A0C91BC942}") = "SDIDOCVIEW", "..\Samples\SDIDOCVIEW\SDIDOCVIEW.vcproj", "{28BDD837-43C2-41DF-8216-182550DABD56}"
EndProject
Project("{8BC9CEB8-8B4A-11D0-8D11-00A0C91BC942}") = "StateInFile", "..\Samples\StateInFile\StateInFile.vcproj", "{26740828-1EE9-450C-9B16-C4B85EBABB64}"
EndProject
Project("{8BC9CEB8-8B4A-11D0-8D11-00A0C91BC942}") = "profuisdll", "..\profuisdll\profuisdll.vcproj", "{6A11E548-BEA0-4B1B-BB5C-FFCEA4501849}"
EndProject
Project("{8BC9CEB8-8B4A-11D0-8D11-00A0C91BC942}") = "profuislib", "..\profuislib\profuislib.vcproj", "{ACABCB44-FF71-40A3-9571-22FA04ED70B3}"
EndProject
Global
	GlobalSection(SolutionConfiguration) = preSolution
		ConfigName.0 = Debug
		ConfigName.1 = MBCS Debug
		ConfigName.2 = MBCS Release
		ConfigName.3 = Release
		ConfigName.4 = Static Debug
		ConfigName.5 = Static Debug with MFC DLL
		ConfigName.6 = Static MBCS Debug
		ConfigName.7 = Static MBCS Debug with MFC DLL
		ConfigName.8 = Static MBCS Release
		ConfigName.9 = Static MBCS Release with MFC DLL
		ConfigName.10 = Static Release
		ConfigName.11 = Static Release with MFC DLL
		ConfigName.12 = Static Unicode Debug
		ConfigName.13 = Static Unicode Debug with MFC DLL
		ConfigName.14 = Static Unicode Release
		ConfigName.15 = Static Unicode Release with MFC DLL
		ConfigName.16 = Unicode Debug
		ConfigName.17 = Unicode Release
	EndGlobalSection
	GlobalSection(ProjectDependencies) = postSolution
	EndGlobalSection
	GlobalSection(ProjectConfiguration) = postSolution
		{5E8E4D61-6C48-4F65-930E-7DCBCAE711A5}.Debug.ActiveCfg = Debug|Win32
		{5E8E4D61-6C48-4F65-930E-7DCBCAE711A5}.Debug.Build.0 = Debug|Win32
		{5E8E4D61-6C48-4F65-930E-7DCBCAE711A5}.MBCS Debug.ActiveCfg = MBCS Debug|Win32
		{5E8E4D61-6C48-4F65-930E-7DCBCAE711A5}.MBCS Debug.Build.0 = MBCS Debug|Win32
		{5E8E4D61-6C48-4F65-930E-7DCBCAE711A5}.MBCS Release.ActiveCfg = MBCS Release|Win32
		{5E8E4D61-6C48-4F65-930E-7DCBCAE711A5}.MBCS Release.Build.0 = MBCS Release|Win32
		{5E8E4D61-6C48-4F65-930E-7DCBCAE711A5}.Release.ActiveCfg = Release|Win32
		{5E8E4D61-6C48-4F65-930E-7DCBCAE711A5}.Release.Build.0 = Release|Win32
		{5E8E4D61-6C48-4F65-930E-7DCBCAE711A5}.Static Debug.ActiveCfg = Static Debug|Win32
		{5E8E4D61-6C48-4F65-930E-7DCBCAE711A5}.Static Debug.Build.0 = Static Debug|Win32
		{5E8E4D61-6C48-4F65-930E-7DCBCAE711A5}.Static Debug with MFC DLL.ActiveCfg = Static Debug with MFC DLL|Win32
		{5E8E4D61-6C48-4F65-930E-7DCBCAE711A5}.Static Debug with MFC DLL.Build.0 = Static Debug with MFC DLL|Win32
		{5E8E4D61-6C48-4F65-930E-7DCBCAE711A5}.Static MBCS Debug.ActiveCfg = Static MBCS Debug|Win32
		{5E8E4D61-6C48-4F65-930E-7DCBCAE711A5}.Static MBCS Debug.Build.0 = Static MBCS Debug|Win32
		{5E8E4D61-6C48-4F65-930E-7DCBCAE711A5}.Static MBCS Debug with MFC DLL.ActiveCfg = Static MBCS Debug with MFC DLL|Win32
		{5E8E4D61-6C48-4F65-930E-7DCBCAE711A5}.Static MBCS Debug with MFC DLL.Build.0 = Static MBCS Debug with MFC DLL|Win32
		{5E8E4D61-6C48-4F65-930E-7DCBCAE711A5}.Static MBCS Release.ActiveCfg = Static MBCS Release|Win32
		{5E8E4D61-6C48-4F65-930E-7DCBCAE711A5}.Static MBCS Release.Build.0 = Static MBCS Release|Win32
		{5E8E4D61-6C48-4F65-930E-7DCBCAE711A5}.Static MBCS Release with MFC DLL.ActiveCfg = Static MBCS Release with MFC DLL|Win32
		{5E8E4D61-6C48-4F65-930E-7DCBCAE711A5}.Static MBCS Release with MFC DLL.Build.0 = Static MBCS Release with MFC DLL|Win32
		{5E8E4D61-6C48-4F65-930E-7DCBCAE711A5}.Static Release.ActiveCfg = Static Release|Win32
		{5E8E4D61-6C48-4F65-930E-7DCBCAE711A5}.Static Release.Build.0 = Static Release|Win32
		{5E8E4D61-6C48-4F65-930E-7DCBCAE711A5}.Static Release with MFC DLL.ActiveCfg = Static Release with MFC DLL|Win32
		{5E8E4D61-6C48-4F65-930E-7DCBCAE711A5}.Static Release with MFC DLL.Build.0 = Static Release with MFC DLL|Win32
		{5E8E4D61-6C48-4F65-930E-7DCBCAE711A5}.Static Unicode Debug.ActiveCfg = Static Unicode Debug|Win32
		{5E8E4D61-6C48-4F65-930E-7DCBCAE711A5}.Static Unicode Debug.Build.0 = Static Unicode Debug|Win32
		{5E8E4D61-6C48-4F65-930E-7DCBCAE711A5}.Static Unicode Debug with MFC DLL.ActiveCfg = Static Unicode Debug with MFC DLL|Win32
		{5E8E4D61-6C48-4F65-930E-7DCBCAE711A5}.Static Unicode Debug with MFC DLL.Build.0 = Static Unicode Debug with MFC DLL|Win32
		{5E8E4D61-6C48-4F65-930E-7DCBCAE711A5}.Static Unicode Release.ActiveCfg = Static Unicode Release|Win32
		{5E8E4D61-6C48-4F65-930E-7DCBCAE711A5}.Static Unicode Release.Build.0 = Static Unicode Release|Win32
		{5E8E4D61-6C48-4F65-930E-7DCBCAE711A5}.Static Unicode Release with MFC DLL.ActiveCfg = Static Unicode Release with MFC DLL|Win32
		{5E8E4D61-6C48-4F65-930E-7DCBCAE711A5}.Static Unicode Release with MFC DLL.Build.0 = Static Unicode Release with MFC DLL|Win32
		{5E8E4D61-6C48-4F65-930E-7DCBCAE711A5}.Unicode Debug.ActiveCfg = Unicode Debug|Win32
		{5E8E4D61-6C48-4F65-930E-7DCBCAE711A5}.Unicode Debug.Build.0 = Unicode Debug|Win32
		{5E8E4D61-6C48-4F65-930E-7DCBCAE711A5}.Unicode Release.ActiveCfg = Unicode Release|Win32
		{5E8E4D61-6C48-4F65-930E-7DCBCAE711A5}.Unicode Release.Build.0 = Unicode Release|Win32
		{BA4D6EB6-30A2-40DE-845F-7C2D38CECF92}.Debug.ActiveCfg = Debug|Win32
		{BA4D6EB6-30A2-40DE-845F-7C2D38CECF92}.Debug.Build.0 = Debug|Win32
		{BA4D6EB6-30A2-40DE-845F-7C2D38CECF92}.MBCS Debug.ActiveCfg = MBCS Debug|Win32
		{BA4D6EB6-30A2-40DE-845F-7C2D38CECF92}.MBCS Debug.Build.0 = MBCS Debug|Win32
		{BA4D6EB6-30A2-40DE-845F-7C2D38CECF92}.MBCS Release.ActiveCfg = MBCS Release|Win32
		{BA4D6EB6-30A2-40DE-845F-7C2D38CECF92}.MBCS Release.Build.0 = MBCS Release|Win32
		{BA4D6EB6-30A2-40DE-845F-7C2D38CECF92}.Release.ActiveCfg = Release|Win32
		{BA4D6EB6-30A2-40DE-845F-7C2D38CECF92}.Release.Build.0 = Release|Win32
		{BA4D6EB6-30A2-40DE-845F-7C2D38CECF92}.Static Debug.ActiveCfg = Static Debug|Win32
		{BA4D6EB6-30A2-40DE-845F-7C2D38CECF92}.Static Debug.Build.0 = Static Debug|Win32
		{BA4D6EB6-30A2-40DE-845F-7C2D38CECF92}.Static Debug with MFC DLL.ActiveCfg = Static Debug with MFC DLL|Win32
		{BA4D6EB6-30A2-40DE-845F-7C2D38CECF92}.Static Debug with MFC DLL.Build.0 = Static Debug with MFC DLL|Win32
		{BA4D6EB6-30A2-40DE-845F-7C2D38CECF92}.Static MBCS Debug.ActiveCfg = Static MBCS Debug|Win32
		{BA4D6EB6-30A2-40DE-845F-7C2D38CECF92}.Static MBCS Debug.Build.0 = Static MBCS Debug|Win32
		{BA4D6EB6-30A2-40DE-845F-7C2D38CECF92}.Static MBCS Debug with MFC DLL.ActiveCfg = Static MBCS Debug with MFC DLL|Win32
		{BA4D6EB6-30A2-40DE-845F-7C2D38CECF92}.Static MBCS Debug with MFC DLL.Build.0 = Static MBCS Debug with MFC DLL|Win32
		{BA4D6EB6-30A2-40DE-845F-7C2D38CECF92}.Static MBCS Release.ActiveCfg = Static MBCS Release|Win32
		{BA4D6EB6-30A2-40DE-845F-7C2D38CECF92}.Static MBCS Release.Build.0 = Static MBCS Release|Win32
		{BA4D6EB6-30A2-40DE-845F-7C2D38CECF92}.Static MBCS Release with MFC DLL.ActiveCfg = Static MBCS Release with MFC DLL|Win32
		{BA4D6EB6-30A2-40DE-845F-7C2D38CECF92}.Static MBCS Release with MFC DLL.Build.0 = Static MBCS Release with MFC DLL|Win32
		{BA4D6EB6-30A2-40DE-845F-7C2D38CECF92}.Static Release.ActiveCfg = Static Release|Win32
		{BA4D6EB6-30A2-40DE-845F-7C2D38CECF92}.Static Release.Build.0 = Static Release|Win32
		{BA4D6EB6-30A2-40DE-845F-7C2D38CECF92}.Static Release with MFC DLL.ActiveCfg = Static Release with MFC DLL|Win32
		{BA4D6EB6-30A2-40DE-845F-7C2D38CECF92}.Static Release with MFC DLL.Build.0 = Static Release with MFC DLL|Win32
		{BA4D6EB6-30A2-40DE-845F-7C2D38CECF92}.Static Unicode Debug.ActiveCfg = Static Unicode Debug|Win32
		{BA4D6EB6-30A2-40DE-845F-7C2D38CECF92}.Static Unicode Debug.Build.0 = Static Unicode Debug|Win32
		{BA4D6EB6-30A2-40DE-845F-7C2D38CECF92}.Static Unicode Debug with MFC DLL.ActiveCfg = Static Unicode Debug with MFC DLL|Win32
		{BA4D6EB6-30A2-40DE-845F-7C2D38CECF92}.Static Unicode Debug with MFC DLL.Build.0 = Static Unicode Debug with MFC DLL|Win32
		{BA4D6EB6-30A2-40DE-845F-7C2D38CECF92}.Static Unicode Release.ActiveCfg = Static Unicode Release|Win32
		{BA4D6EB6-30A2-40DE-845F-7C2D38CECF92}.Static Unicode Release.Build.0 = Static Unicode Release|Win32
		{BA4D6EB6-30A2-40DE-845F-7C2D38CECF92}.Static Unicode Release with MFC DLL.ActiveCfg = Static Unicode Release with MFC DLL|Win32
		{BA4D6EB6-30A2-40DE-845F-7C2D38CECF92}.Static Unicode Release with MFC DLL.Build.0 = Static Unicode Release with MFC DLL|Win32
		{BA4D6EB6-30A2-40DE-845F-7C2D38CECF92}.Unicode Debug.ActiveCfg = Unicode Debug|Win32
		{BA4D6EB6-30A2-40DE-845F-7C2D38CECF92}.Unicode Debug.Build.0 = Unicode Debug|Win32
		{BA4D6EB6-30A2-40DE-845F-7C2D38CECF92}.Unicode Release.ActiveCfg = Unicode Release|Win32
		{BA4D6EB6-30A2-40DE-845F-7C2D38CECF92}.Unicode Release.Build.0 = Unicode Release|Win32
		{EB54298E-D6FF-40B6-AA26-53C33F44CC7B}.Debug.ActiveCfg = Debug|Win32
		{EB54298E-D6FF-40B6-AA26-53C33F44CC7B}.Debug.Build.0 = Debug|Win32
		{EB54298E-D6FF-40B6-AA26-53C33F44CC7B}.MBCS Debug.ActiveCfg = MBCS Debug|Win32
		{EB54298E-D6FF-40B6-AA26-53C33F44CC7B}.MBCS Debug.Build.0 = MBCS Debug|Win32
		{EB54298E-D6FF-40B6-AA26-53C33F44CC7B}.MBCS Release.ActiveCfg = MBCS Release|Win32
		{EB54298E-D6FF-40B6-AA26-53C33F44CC7B}.MBCS Release.Build.0 = MBCS Release|Win32
		{EB54298E-D6FF-40B6-AA26-53C33F44CC7B}.Release.ActiveCfg = Release|Win32
		{EB54298E-D6FF-40B6-AA26-53C33F44CC7B}.Release.Build.0 = Release|Win32
		{EB54298E-D6FF-40B6-AA26-53C33F44CC7B}.Static Debug.ActiveCfg = Static Debug|Win32
		{EB54298E-D6FF-40B6-AA26-53C33F44CC7B}.Static Debug.Build.0 = Static Debug|Win32
		{EB54298E-D6FF-40B6-AA26-53C33F44CC7B}.Static Debug with MFC DLL.ActiveCfg = Static Debug with MFC DLL|Win32
		{EB54298E-D6FF-40B6-AA26-53C33F44CC7B}.Static Debug with MFC DLL.Build.0 = Static Debug with MFC DLL|Win32
		{EB54298E-D6FF-40B6-AA26-53C33F44CC7B}.Static MBCS Debug.ActiveCfg = Static MBCS Debug|Win32
		{EB54298E-D6FF-40B6-AA26-53C33F44CC7B}.Static MBCS Debug.Build.0 = Static MBCS Debug|Win32
		{EB54298E-D6FF-40B6-AA26-53C33F44CC7B}.Static MBCS Debug with MFC DLL.ActiveCfg = Static MBCS Debug with MFC DLL|Win32
		{EB54298E-D6FF-40B6-AA26-53C33F44CC7B}.Static MBCS Debug with MFC DLL.Build.0 = Static MBCS Debug with MFC DLL|Win32
		{EB54298E-D6FF-40B6-AA26-53C33F44CC7B}.Static MBCS Release.ActiveCfg = Static MBCS Release|Win32
		{EB54298E-D6FF-40B6-AA26-53C33F44CC7B}.Static MBCS Release.Build.0 = Static MBCS Release|Win32
		{EB54298E-D6FF-40B6-AA26-53C33F44CC7B}.Static MBCS Release with MFC DLL.ActiveCfg = Static MBCS Release with MFC DLL|Win32
		{EB54298E-D6FF-40B6-AA26-53C33F44CC7B}.Static MBCS Release with MFC DLL.Build.0 = Static MBCS Release with MFC DLL|Win32
		{EB54298E-D6FF-40B6-AA26-53C33F44CC7B}.Static Release.ActiveCfg = Static Release|Win32
		{EB54298E-D6FF-40B6-AA26-53C33F44CC7B}.Static Release.Build.0 = Static Release|Win32
		{EB54298E-D6FF-40B6-AA26-53C33F44CC7B}.Static Release with MFC DLL.ActiveCfg = Static Release with MFC DLL|Win32
		{EB54298E-D6FF-40B6-AA26-53C33F44CC7B}.Static Release with MFC DLL.Build.0 = Static Release with MFC DLL|Win32
		{EB54298E-D6FF-40B6-AA26-53C33F44CC7B}.Static Unicode Debug.ActiveCfg = Static Unicode Debug|Win32
		{EB54298E-D6FF-40B6-AA26-53C33F44CC7B}.Static Unicode Debug.Build.0 = Static Unicode Debug|Win32
		{EB54298E-D6FF-40B6-AA26-53C33F44CC7B}.Static Unicode Debug with MFC DLL.ActiveCfg = Static Unicode Debug with MFC DLL|Win32
		{EB54298E-D6FF-40B6-AA26-53C33F44CC7B}.Static Unicode Debug with MFC DLL.Build.0 = Static Unicode Debug with MFC DLL|Win32
		{EB54298E-D6FF-40B6-AA26-53C33F44CC7B}.Static Unicode Release.ActiveCfg = Static Unicode Release|Win32
		{EB54298E-D6FF-40B6-AA26-53C33F44CC7B}.Static Unicode Release.Build.0 = Static Unicode Release|Win32
		{EB54298E-D6FF-40B6-AA26-53C33F44CC7B}.Static Unicode Release with MFC DLL.ActiveCfg = Static Unicode Release with MFC DLL|Win32
		{EB54298E-D6FF-40B6-AA26-53C33F44CC7B}.Static Unicode Release with MFC DLL.Build.0 = Static Unicode Release with MFC DLL|Win32
		{EB54298E-D6FF-40B6-AA26-53C33F44CC7B}.Unicode Debug.ActiveCfg = Unicode Debug|Win32
		{EB54298E-D6FF-40B6-AA26-53C33F44CC7B}.Unicode Debug.Build.0 = Unicode Debug|Win32
		{EB54298E-D6FF-40B6-AA26-53C33F44CC7B}.Unicode Release.ActiveCfg = Unicode Release|Win32
		{EB54298E-D6FF-40B6-AA26-53C33F44CC7B}.Unicode Release.Build.0 = Unicode Release|Win32
		{55CD4AA9-E0E8-4E4B-A471-1DB5718091C3}.Debug.ActiveCfg = Debug|Win32
		{55CD4AA9-E0E8-4E4B-A471-1DB5718091C3}.Debug.Build.0 = Debug|Win32
		{55CD4AA9-E0E8-4E4B-A471-1DB5718091C3}.MBCS Debug.ActiveCfg = MBCS Debug|Win32
		{55CD4AA9-E0E8-4E4B-A471-1DB5718091C3}.MBCS Debug.Build.0 = MBCS Debug|Win32
		{55CD4AA9-E0E8-4E4B-A471-1DB5718091C3}.MBCS Release.ActiveCfg = MBCS Release|Win32
		{55CD4AA9-E0E8-4E4B-A471-1DB5718091C3}.MBCS Release.Build.0 = MBCS Release|Win32
		{55CD4AA9-E0E8-4E4B-A471-1DB5718091C3}.Release.ActiveCfg = Release|Win32
		{55CD4AA9-E0E8-4E4B-A471-1DB5718091C3}.Release.Build.0 = Release|Win32
		{55CD4AA9-E0E8-4E4B-A471-1DB5718091C3}.Static Debug.ActiveCfg = Static Debug|Win32
		{55CD4AA9-E0E8-4E4B-A471-1DB5718091C3}.Static Debug.Build.0 = Static Debug|Win32
		{55CD4AA9-E0E8-4E4B-A471-1DB5718091C3}.Static Debug with MFC DLL.ActiveCfg = Static Debug with MFC DLL|Win32
		{55CD4AA9-E0E8-4E4B-A471-1DB5718091C3}.Static Debug with MFC DLL.Build.0 = Static Debug with MFC DLL|Win32
		{55CD4AA9-E0E8-4E4B-A471-1DB5718091C3}.Static MBCS Debug.ActiveCfg = Static MBCS Debug|Win32
		{55CD4AA9-E0E8-4E4B-A471-1DB5718091C3}.Static MBCS Debug.Build.0 = Static MBCS Debug|Win32
		{55CD4AA9-E0E8-4E4B-A471-1DB5718091C3}.Static MBCS Debug with MFC DLL.ActiveCfg = Static MBCS Debug with MFC DLL|Win32
		{55CD4AA9-E0E8-4E4B-A471-1DB5718091C3}.Static MBCS Debug with MFC DLL.Build.0 = Static MBCS Debug with MFC DLL|Win32
		{55CD4AA9-E0E8-4E4B-A471-1DB5718091C3}.Static MBCS Release.ActiveCfg = Static MBCS Release|Win32
		{55CD4AA9-E0E8-4E4B-A471-1DB5718091C3}.Static MBCS Release.Build.0 = Static MBCS Release|Win32
		{55CD4AA9-E0E8-4E4B-A471-1DB5718091C3}.Static MBCS Release with MFC DLL.ActiveCfg = Static MBCS Release with MFC DLL|Win32
		{55CD4AA9-E0E8-4E4B-A471-1DB5718091C3}.Static MBCS Release with MFC DLL.Build.0 = Static MBCS Release with MFC DLL|Win32
		{55CD4AA9-E0E8-4E4B-A471-1DB5718091C3}.Static Release.ActiveCfg = Static Release|Win32
		{55CD4AA9-E0E8-4E4B-A471-1DB5718091C3}.Static Release.Build.0 = Static Release|Win32
		{55CD4AA9-E0E8-4E4B-A471-1DB5718091C3}.Static Release with MFC DLL.ActiveCfg = Static Release with MFC DLL|Win32
		{55CD4AA9-E0E8-4E4B-A471-1DB5718091C3}.Static Release with MFC DLL.Build.0 = Static Release with MFC DLL|Win32
		{55CD4AA9-E0E8-4E4B-A471-1DB5718091C3}.Static Unicode Debug.ActiveCfg = Static Unicode Debug|Win32
		{55CD4AA9-E0E8-4E4B-A471-1DB5718091C3}.Static Unicode Debug.Build.0 = Static Unicode Debug|Win32
		{55CD4AA9-E0E8-4E4B-A471-1DB5718091C3}.Static Unicode Debug with MFC DLL.ActiveCfg = Static Unicode Debug with MFC DLL|Win32
		{55CD4AA9-E0E8-4E4B-A471-1DB5718091C3}.Static Unicode Debug with MFC DLL.Build.0 = Static Unicode Debug with MFC DLL|Win32
		{55CD4AA9-E0E8-4E4B-A471-1DB5718091C3}.Static Unicode Release.ActiveCfg = Static Unicode Release|Win32
		{55CD4AA9-E0E8-4E4B-A471-1DB5718091C3}.Static Unicode Release.Build.0 = Static Unicode Release|Win32
		{55CD4AA9-E0E8-4E4B-A471-1DB5718091C3}.Static Unicode Release with MFC DLL.ActiveCfg = Static Unicode Release with MFC DLL|Win32
		{55CD4AA9-E0E8-4E4B-A471-1DB5718091C3}.Static Unicode Release with MFC DLL.Build.0 = Static Unicode Release with MFC DLL|Win32
		{55CD4AA9-E0E8-4E4B-A471-1DB5718091C3}.Unicode Debug.ActiveCfg = Unicode Debug|Win32
		{55CD4AA9-E0E8-4E4B-A471-1DB5718091C3}.Unicode Debug.Build.0 = Unicode Debug|Win32
		{55CD4AA9-E0E8-4E4B-A471-1DB5718091C3}.Unicode Release.ActiveCfg = Unicode Release|Win32
		{55CD4AA9-E0E8-4E4B-A471-1DB5718091C3}.Unicode Release.Build.0 = Unicode Release|Win32
		{06D53EEC-365D-49F8-8A40-85A622F8DF2C}.Debug.ActiveCfg = Debug|Win32
		{06D53EEC-365D-49F8-8A40-85A622F8DF2C}.Debug.Build.0 = Debug|Win32
		{06D53EEC-365D-49F8-8A40-85A622F8DF2C}.MBCS Debug.ActiveCfg = MBCS Debug|Win32
		{06D53EEC-365D-49F8-8A40-85A622F8DF2C}.MBCS Debug.Build.0 = MBCS Debug|Win32
		{06D53EEC-365D-49F8-8A40-85A622F8DF2C}.MBCS Release.ActiveCfg = MBCS Release|Win32
		{06D53EEC-365D-49F8-8A40-85A622F8DF2C}.MBCS Release.Build.0 = MBCS Release|Win32
		{06D53EEC-365D-49F8-8A40-85A622F8DF2C}.Release.ActiveCfg = Release|Win32
		{06D53EEC-365D-49F8-8A40-85A622F8DF2C}.Release.Build.0 = Release|Win32
		{06D53EEC-365D-49F8-8A40-85A622F8DF2C}.Static Debug.ActiveCfg = Static Debug|Win32
		{06D53EEC-365D-49F8-8A40-85A622F8DF2C}.Static Debug.Build.0 = Static Debug|Win32
		{06D53EEC-365D-49F8-8A40-85A622F8DF2C}.Static Debug with MFC DLL.ActiveCfg = Static Debug with MFC DLL|Win32
		{06D53EEC-365D-49F8-8A40-85A622F8DF2C}.Static Debug with MFC DLL.Build.0 = Static Debug with MFC DLL|Win32
		{06D53EEC-365D-49F8-8A40-85A622F8DF2C}.Static MBCS Debug.ActiveCfg = Static MBCS Debug|Win32
		{06D53EEC-365D-49F8-8A40-85A622F8DF2C}.Static MBCS Debug.Build.0 = Static MBCS Debug|Win32
		{06D53EEC-365D-49F8-8A40-85A622F8DF2C}.Static MBCS Debug with MFC DLL.ActiveCfg = Static MBCS Debug with MFC DLL|Win32
		{06D53EEC-365D-49F8-8A40-85A622F8DF2C}.Static MBCS Debug with MFC DLL.Build.0 = Static MBCS Debug with MFC DLL|Win32
		{06D53EEC-365D-49F8-8A40-85A622F8DF2C}.Static MBCS Release.ActiveCfg = Static MBCS Release|Win32
		{06D53EEC-365D-49F8-8A40-85A622F8DF2C}.Static MBCS Release.Build.0 = Static MBCS Release|Win32
		{06D53EEC-365D-49F8-8A40-85A622F8DF2C}.Static MBCS Release with MFC DLL.ActiveCfg = Static MBCS Release with MFC DLL|Win32
		{06D53EEC-365D-49F8-8A40-85A622F8DF2C}.Static MBCS Release with MFC DLL.Build.0 = Static MBCS Release with MFC DLL|Win32
		{06D53EEC-365D-49F8-8A40-85A622F8DF2C}.Static Release.ActiveCfg = Static Release|Win32
		{06D53EEC-365D-49F8-8A40-85A622F8DF2C}.Static Release.Build.0 = Static Release|Win32
		{06D53EEC-365D-49F8-8A40-85A622F8DF2C}.Static Release with MFC DLL.ActiveCfg = Static Release with MFC DLL|Win32
		{06D53EEC-365D-49F8-8A40-85A622F8DF2C}.Static Release with MFC DLL.Build.0 = Static Release with MFC DLL|Win32
		{06D53EEC-365D-49F8-8A40-85A622F8DF2C}.Static Unicode Debug.ActiveCfg = Static Unicode Debug|Win32
		{06D53EEC-365D-49F8-8A40-85A622F8DF2C}.Static Unicode Debug.Build.0 = Static Unicode Debug|Win32
		{06D53EEC-365D-49F8-8A40-85A622F8DF2C}.Static Unicode Debug with MFC DLL.ActiveCfg = Static Unicode Debug with MFC DLL|Win32
		{06D53EEC-365D-49F8-8A40-85A622F8DF2C}.Static Unicode Debug with MFC DLL.Build.0 = Static Unicode Debug with MFC DLL|Win32
		{06D53EEC-365D-49F8-8A40-85A622F8DF2C}.Static Unicode Release.ActiveCfg = Static Unicode Release|Win32
		{06D53EEC-365D-49F8-8A40-85A622F8DF2C}.Static Unicode Release.Build.0 = Static Unicode Release|Win32
		{06D53EEC-365D-49F8-8A40-85A622F8DF2C}.Static Unicode Release with MFC DLL.ActiveCfg = Static Unicode Release with MFC DLL|Win32
		{06D53EEC-365D-49F8-8A40-85A622F8DF2C}.Static Unicode Release with MFC DLL.Build.0 = Static Unicode Release with MFC DLL|Win32
		{06D53EEC-365D-49F8-8A40-85A622F8DF2C}.Unicode Debug.ActiveCfg = Unicode Debug|Win32
		{06D53EEC-365D-49F8-8A40-85A622F8DF2C}.Unicode Debug.Build.0 = Unicode Debug|Win32
		{06D53EEC-365D-49F8-8A40-85A622F8DF2C}.Unicode Release.ActiveCfg = Unicode Release|Win32
		{06D53EEC-365D-49F8-8A40-85A622F8DF2C}.Unicode Release.Build.0 = Unicode Release|Win32
		{8812633A-84AE-4EBB-BFA2-D2E7213D7CEB}.Debug.ActiveCfg = Debug|Win32
		{8812633A-84AE-4EBB-BFA2-D2E7213D7CEB}.Debug.Build.0 = Debug|Win32
		{8812633A-84AE-4EBB-BFA2-D2E7213D7CEB}.MBCS Debug.ActiveCfg = MBCS Debug|Win32
		{8812633A-84AE-4EBB-BFA2-D2E7213D7CEB}.MBCS Debug.Build.0 = MBCS Debug|Win32
		{8812633A-84AE-4EBB-BFA2-D2E7213D7CEB}.MBCS Release.ActiveCfg = MBCS Release|Win32
		{8812633A-84AE-4EBB-BFA2-D2E7213D7CEB}.MBCS Release.Build.0 = MBCS Release|Win32
		{8812633A-84AE-4EBB-BFA2-D2E7213D7CEB}.Release.ActiveCfg = Release|Win32
		{8812633A-84AE-4EBB-BFA2-D2E7213D7CEB}.Release.Build.0 = Release|Win32
		{8812633A-84AE-4EBB-BFA2-D2E7213D7CEB}.Static Debug.ActiveCfg = Static Debug|Win32
		{8812633A-84AE-4EBB-BFA2-D2E7213D7CEB}.Static Debug.Build.0 = Static Debug|Win32
		{8812633A-84AE-4EBB-BFA2-D2E7213D7CEB}.Static Debug with MFC DLL.ActiveCfg = Static Debug with MFC DLL|Win32
		{8812633A-84AE-4EBB-BFA2-D2E7213D7CEB}.Static Debug with MFC DLL.Build.0 = Static Debug with MFC DLL|Win32
		{8812633A-84AE-4EBB-BFA2-D2E7213D7CEB}.Static MBCS Debug.ActiveCfg = Static MBCS Debug|Win32
		{8812633A-84AE-4EBB-BFA2-D2E7213D7CEB}.Static MBCS Debug.Build.0 = Static MBCS Debug|Win32
		{8812633A-84AE-4EBB-BFA2-D2E7213D7CEB}.Static MBCS Debug with MFC DLL.ActiveCfg = Static MBCS Debug with MFC DLL|Win32
		{8812633A-84AE-4EBB-BFA2-D2E7213D7CEB}.Static MBCS Debug with MFC DLL.Build.0 = Static MBCS Debug with MFC DLL|Win32
		{8812633A-84AE-4EBB-BFA2-D2E7213D7CEB}.Static MBCS Release.ActiveCfg = Static MBCS Release|Win32
		{8812633A-84AE-4EBB-BFA2-D2E7213D7CEB}.Static MBCS Release.Build.0 = Static MBCS Release|Win32
		{8812633A-84AE-4EBB-BFA2-D2E7213D7CEB}.Static MBCS Release with MFC DLL.ActiveCfg = Static MBCS Release with MFC DLL|Win32
		{8812633A-84AE-4EBB-BFA2-D2E7213D7CEB}.Static MBCS Release with MFC DLL.Build.0 = Static MBCS Release with MFC DLL|Win32
		{8812633A-84AE-4EBB-BFA2-D2E7213D7CEB}.Static Release.ActiveCfg = Static Release|Win32
		{8812633A-84AE-4EBB-BFA2-D2E7213D7CEB}.Static Release.Build.0 = Static Release|Win32
		{8812633A-84AE-4EBB-BFA2-D2E7213D7CEB}.Static Release with MFC DLL.ActiveCfg = Static Release with MFC DLL|Win32
		{8812633A-84AE-4EBB-BFA2-D2E7213D7CEB}.Static Release with MFC DLL.Build.0 = Static Release with MFC DLL|Win32
		{8812633A-84AE-4EBB-BFA2-D2E7213D7CEB}.Static Unicode Debug.ActiveCfg = Static Unicode Debug|Win32
		{8812633A-84AE-4EBB-BFA2-D2E7213D7CEB}.Static Unicode Debug.Build.0 = Static Unicode Debug|Win32
		{8812633A-84AE-4EBB-BFA2-D2E7213D7CEB}.Static Unicode Debug with MFC DLL.ActiveCfg = Static Unicode Debug with MFC DLL|Win32
		{8812633A-84AE-4EBB-BFA2-D2E7213D7CEB}.Static Unicode Debug with MFC DLL.Build.0 = Static Unicode Debug with MFC DLL|Win32
		{8812633A-84AE-4EBB-BFA2-D2E7213D7CEB}.Static Unicode Release.ActiveCfg = Static Unicode Release|Win32
		{8812633A-84AE-4EBB-BFA2-D2E7213D7CEB}.Static Unicode Release.Build.0 = Static Unicode Release|Win32
		{8812633A-84AE-4EBB-BFA2-D2E7213D7CEB}.Static Unicode Release with MFC DLL.ActiveCfg = Static Unicode Release with MFC DLL|Win32
		{8812633A-84AE-4EBB-BFA2-D2E7213D7CEB}.Static Unicode Release with MFC DLL.Build.0 = Static Unicode Release with MFC DLL|Win32
		{8812633A-84AE-4EBB-BFA2-D2E7213D7CEB}.Unicode Debug.ActiveCfg = Unicode Debug|Win32
		{8812633A-84AE-4EBB-BFA2-D2E7213D7CEB}.Unicode Debug.Build.0 = Unicode Debug|Win32
		{8812633A-84AE-4EBB-BFA2-D2E7213D7CEB}.Unicode Release.ActiveCfg = Unicode Release|Win32
		{8812633A-84AE-4EBB-BFA2-D2E7213D7CEB}.Unicode Release.Build.0 = Unicode Release|Win32
		{76EDA5D6-9DE8-4D20-B4DA-A73BF95621F7}.Debug.ActiveCfg = Debug|Win32
		{76EDA5D6-9DE8-4D20-B4DA-A73BF95621F7}.Debug.Build.0 = Debug|Win32
		{76EDA5D6-9DE8-4D20-B4DA-A73BF95621F7}.MBCS Debug.ActiveCfg = MBCS Debug|Win32
		{76EDA5D6-9DE8-4D20-B4DA-A73BF95621F7}.MBCS Debug.Build.0 = MBCS Debug|Win32
		{76EDA5D6-9DE8-4D20-B4DA-A73BF95621F7}.MBCS Release.ActiveCfg = MBCS Release|Win32
		{76EDA5D6-9DE8-4D20-B4DA-A73BF95621F7}.MBCS Release.Build.0 = MBCS Release|Win32
		{76EDA5D6-9DE8-4D20-B4DA-A73BF95621F7}.Release.ActiveCfg = Release|Win32
		{76EDA5D6-9DE8-4D20-B4DA-A73BF95621F7}.Release.Build.0 = Release|Win32
		{76EDA5D6-9DE8-4D20-B4DA-A73BF95621F7}.Static Debug.ActiveCfg = Static Debug|Win32
		{76EDA5D6-9DE8-4D20-B4DA-A73BF95621F7}.Static Debug.Build.0 = Static Debug|Win32
		{76EDA5D6-9DE8-4D20-B4DA-A73BF95621F7}.Static Debug with MFC DLL.ActiveCfg = Static Debug with MFC DLL|Win32
		{76EDA5D6-9DE8-4D20-B4DA-A73BF95621F7}.Static Debug with MFC DLL.Build.0 = Static Debug with MFC DLL|Win32
		{76EDA5D6-9DE8-4D20-B4DA-A73BF95621F7}.Static MBCS Debug.ActiveCfg = Static MBCS Debug|Win32
		{76EDA5D6-9DE8-4D20-B4DA-A73BF95621F7}.Static MBCS Debug.Build.0 = Static MBCS Debug|Win32
		{76EDA5D6-9DE8-4D20-B4DA-A73BF95621F7}.Static MBCS Debug with MFC DLL.ActiveCfg = Static MBCS Debug with MFC DLL|Win32
		{76EDA5D6-9DE8-4D20-B4DA-A73BF95621F7}.Static MBCS Debug with MFC DLL.Build.0 = Static MBCS Debug with MFC DLL|Win32
		{76EDA5D6-9DE8-4D20-B4DA-A73BF95621F7}.Static MBCS Release.ActiveCfg = Static MBCS Release|Win32
		{76EDA5D6-9DE8-4D20-B4DA-A73BF95621F7}.Static MBCS Release.Build.0 = Static MBCS Release|Win32
		{76EDA5D6-9DE8-4D20-B4DA-A73BF95621F7}.Static MBCS Release with MFC DLL.ActiveCfg = Static MBCS Release with MFC DLL|Win32
		{76EDA5D6-9DE8-4D20-B4DA-A73BF95621F7}.Static MBCS Release with MFC DLL.Build.0 = Static MBCS Release with MFC DLL|Win32
		{76EDA5D6-9DE8-4D20-B4DA-A73BF95621F7}.Static Release.ActiveCfg = Static Release|Win32
		{76EDA5D6-9DE8-4D20-B4DA-A73BF95621F7}.Static Release.Build.0 = Static Release|Win32
		{76EDA5D6-9DE8-4D20-B4DA-A73BF95621F7}.Static Release with MFC DLL.ActiveCfg = Static Release with MFC DLL|Win32
		{76EDA5D6-9DE8-4D20-B4DA-A73BF95621F7}.Static Release with MFC DLL.Build.0 = Static Release with MFC DLL|Win32
		{76EDA5D6-9DE8-4D20-B4DA-A73BF95621F7}.Static Unicode Debug.ActiveCfg = Static Unicode Debug|Win32
		{76EDA5D6-9DE8-4D20-B4DA-A73BF95621F7}.Static Unicode Debug.Build.0 = Static Unicode Debug|Win32
		{76EDA5D6-9DE8-4D20-B4DA-A73BF95621F7}.Static Unicode Debug with MFC DLL.ActiveCfg = Static Unicode Debug with MFC DLL|Win32
		{76EDA5D6-9DE8-4D20-B4DA-A73BF95621F7}.Static Unicode Debug with MFC DLL.Build.0 = Static Unicode Debug with MFC DLL|Win32
		{76EDA5D6-9DE8-4D20-B4DA-A73BF95621F7}.Static Unicode Release.ActiveCfg = Static Unicode Release|Win32
		{76EDA5D6-9DE8-4D20-B4DA-A73BF95621F7}.Static Unicode Release.Build.0 = Static Unicode Release|Win32
		{76EDA5D6-9DE8-4D20-B4DA-A73BF95621F7}.Static Unicode Release with MFC DLL.ActiveCfg = Static Unicode Release with MFC DLL|Win32
		{76EDA5D6-9DE8-4D20-B4DA-A73BF95621F7}.Static Unicode Release with MFC DLL.Build.0 = Static Unicode Release with MFC DLL|Win32
		{76EDA5D6-9DE8-4D20-B4DA-A73BF95621F7}.Unicode Debug.ActiveCfg = Unicode Debug|Win32
		{76EDA5D6-9DE8-4D20-B4DA-A73BF95621F7}.Unicode Debug.Build.0 = Unicode Debug|Win32
		{76EDA5D6-9DE8-4D20-B4DA-A73BF95621F7}.Unicode Release.ActiveCfg = Unicode Release|Win32
		{76EDA5D6-9DE8-4D20-B4DA-A73BF95621F7}.Unicode Release.Build.0 = Unicode Release|Win32
		{BCD0F403-BAD7-49C2-83AC-7FF600F9A2E8}.Debug.ActiveCfg = Debug|Win32
		{BCD0F403-BAD7-49C2-83AC-7FF600F9A2E8}.Debug.Build.0 = Debug|Win32
		{BCD0F403-BAD7-49C2-83AC-7FF600F9A2E8}.MBCS Debug.ActiveCfg = MBCS Debug|Win32
		{BCD0F403-BAD7-49C2-83AC-7FF600F9A2E8}.MBCS Debug.Build.0 = MBCS Debug|Win32
		{BCD0F403-BAD7-49C2-83AC-7FF600F9A2E8}.MBCS Release.ActiveCfg = MBCS Release|Win32
		{BCD0F403-BAD7-49C2-83AC-7FF600F9A2E8}.MBCS Release.Build.0 = MBCS Release|Win32
		{BCD0F403-BAD7-49C2-83AC-7FF600F9A2E8}.Release.ActiveCfg = Release|Win32
		{BCD0F403-BAD7-49C2-83AC-7FF600F9A2E8}.Release.Build.0 = Release|Win32
		{BCD0F403-BAD7-49C2-83AC-7FF600F9A2E8}.Static Debug.ActiveCfg = Debug|Win32
		{BCD0F403-BAD7-49C2-83AC-7FF600F9A2E8}.Static Debug.Build.0 = Debug|Win32
		{BCD0F403-BAD7-49C2-83AC-7FF600F9A2E8}.Static Debug with MFC DLL.ActiveCfg = Debug|Win32
		{BCD0F403-BAD7-49C2-83AC-7FF600F9A2E8}.Static Debug with MFC DLL.Build.0 = Debug|Win32
		{BCD0F403-BAD7-49C2-83AC-7FF600F9A2E8}.Static MBCS Debug.ActiveCfg = MBCS Debug|Win32
		{BCD0F403-BAD7-49C2-83AC-7FF600F9A2E8}.Static MBCS Debug.Build.0 = MBCS Debug|Win32
		{BCD0F403-BAD7-49C2-83AC-7FF600F9A2E8}.Static MBCS Debug with MFC DLL.ActiveCfg = MBCS Debug|Win32
		{BCD0F403-BAD7-49C2-83AC-7FF600F9A2E8}.Static MBCS Debug with MFC DLL.Build.0 = MBCS Debug|Win32
		{BCD0F403-BAD7-49C2-83AC-7FF600F9A2E8}.Static MBCS Release.ActiveCfg = MBCS Release|Win32
		{BCD0F403-BAD7-49C2-83AC-7FF600F9A2E8}.Static MBCS Release.Build.0 = MBCS Release|Win32
		{BCD0F403-BAD7-49C2-83AC-7FF600F9A2E8}.Static MBCS Release with MFC DLL.ActiveCfg = MBCS Release|Win32
		{BCD0F403-BAD7-49C2-83AC-7FF600F9A2E8}.Static MBCS Release with MFC DLL.Build.0 = MBCS Release|Win32
		{BCD0F403-BAD7-49C2-83AC-7FF600F9A2E8}.Static Release.ActiveCfg = Release|Win32
		{BCD0F403-BAD7-49C2-83AC-7FF600F9A2E8}.Static Release.Build.0 = Release|Win32
		{BCD0F403-BAD7-49C2-83AC-7FF600F9A2E8}.Static Release with MFC DLL.ActiveCfg = Release|Win32
		{BCD0F403-BAD7-49C2-83AC-7FF600F9A2E8}.Static Release with MFC DLL.Build.0 = Release|Win32
		{BCD0F403-BAD7-49C2-83AC-7FF600F9A2E8}.Static Unicode Debug.ActiveCfg = Unicode Debug|Win32
		{BCD0F403-BAD7-49C2-83AC-7FF600F9A2E8}.Static Unicode Debug.Build.0 = Unicode Debug|Win32
		{BCD0F403-BAD7-49C2-83AC-7FF600F9A2E8}.Static Unicode Debug with MFC DLL.ActiveCfg = Unicode Debug|Win32
		{BCD0F403-BAD7-49C2-83AC-7FF600F9A2E8}.Static Unicode Debug with MFC DLL.Build.0 = Unicode Debug|Win32
		{BCD0F403-BAD7-49C2-83AC-7FF600F9A2E8}.Static Unicode Release.ActiveCfg = Unicode Release|Win32
		{BCD0F403-BAD7-49C2-83AC-7FF600F9A2E8}.Static Unicode Release.Build.0 = Unicode Release|Win32
		{BCD0F403-BAD7-49C2-83AC-7FF600F9A2E8}.Static Unicode Release with MFC DLL.ActiveCfg = Unicode Release|Win32
		{BCD0F403-BAD7-49C2-83AC-7FF600F9A2E8}.Static Unicode Release with MFC DLL.Build.0 = Unicode Release|Win32
		{BCD0F403-BAD7-49C2-83AC-7FF600F9A2E8}.Unicode Debug.ActiveCfg = Unicode Debug|Win32
		{BCD0F403-BAD7-49C2-83AC-7FF600F9A2E8}.Unicode Debug.Build.0 = Unicode Debug|Win32
		{BCD0F403-BAD7-49C2-83AC-7FF600F9A2E8}.Unicode Release.ActiveCfg = Unicode Release|Win32
		{BCD0F403-BAD7-49C2-83AC-7FF600F9A2E8}.Unicode Release.Build.0 = Unicode Release|Win32
		{0732B4F0-A949-411D-9F8B-D9BD62CD01E2}.Debug.ActiveCfg = Debug|Win32
		{0732B4F0-A949-411D-9F8B-D9BD62CD01E2}.Debug.Build.0 = Debug|Win32
		{0732B4F0-A949-411D-9F8B-D9BD62CD01E2}.MBCS Debug.ActiveCfg = MBCS Debug|Win32
		{0732B4F0-A949-411D-9F8B-D9BD62CD01E2}.MBCS Debug.Build.0 = MBCS Debug|Win32
		{0732B4F0-A949-411D-9F8B-D9BD62CD01E2}.MBCS Release.ActiveCfg = MBCS Release|Win32
		{0732B4F0-A949-411D-9F8B-D9BD62CD01E2}.MBCS Release.Build.0 = MBCS Release|Win32
		{0732B4F0-A949-411D-9F8B-D9BD62CD01E2}.Release.ActiveCfg = Release|Win32
		{0732B4F0-A949-411D-9F8B-D9BD62CD01E2}.Release.Build.0 = Release|Win32
		{0732B4F0-A949-411D-9F8B-D9BD62CD01E2}.Static Debug.ActiveCfg = Static Debug|Win32
		{0732B4F0-A949-411D-9F8B-D9BD62CD01E2}.Static Debug.Build.0 = Static Debug|Win32
		{0732B4F0-A949-411D-9F8B-D9BD62CD01E2}.Static Debug with MFC DLL.ActiveCfg = Static Debug with MFC DLL|Win32
		{0732B4F0-A949-411D-9F8B-D9BD62CD01E2}.Static Debug with MFC DLL.Build.0 = Static Debug with MFC DLL|Win32
		{0732B4F0-A949-411D-9F8B-D9BD62CD01E2}.Static MBCS Debug.ActiveCfg = Static MBCS Debug|Win32
		{0732B4F0-A949-411D-9F8B-D9BD62CD01E2}.Static MBCS Debug.Build.0 = Static MBCS Debug|Win32
		{0732B4F0-A949-411D-9F8B-D9BD62CD01E2}.Static MBCS Debug with MFC DLL.ActiveCfg = Static MBCS Debug with MFC DLL|Win32
		{0732B4F0-A949-411D-9F8B-D9BD62CD01E2}.Static MBCS Debug with MFC DLL.Build.0 = Static MBCS Debug with MFC DLL|Win32
		{0732B4F0-A949-411D-9F8B-D9BD62CD01E2}.Static MBCS Release.ActiveCfg = Static MBCS Release|Win32
		{0732B4F0-A949-411D-9F8B-D9BD62CD01E2}.Static MBCS Release.Build.0 = Static MBCS Release|Win32
		{0732B4F0-A949-411D-9F8B-D9BD62CD01E2}.Static MBCS Release with MFC DLL.ActiveCfg = Static MBCS Release with MFC DLL|Win32
		{0732B4F0-A949-411D-9F8B-D9BD62CD01E2}.Static MBCS Release with MFC DLL.Build.0 = Static MBCS Release with MFC DLL|Win32
		{0732B4F0-A949-411D-9F8B-D9BD62CD01E2}.Static Release.ActiveCfg = Static Release|Win32
		{0732B4F0-A949-411D-9F8B-D9BD62CD01E2}.Static Release.Build.0 = Static Release|Win32
		{0732B4F0-A949-411D-9F8B-D9BD62CD01E2}.Static Release with MFC DLL.ActiveCfg = Static Release with MFC DLL|Win32
		{0732B4F0-A949-411D-9F8B-D9BD62CD01E2}.Static Release with MFC DLL.Build.0 = Static Release with MFC DLL|Win32
		{0732B4F0-A949-411D-9F8B-D9BD62CD01E2}.Static Unicode Debug.ActiveCfg = Static Unicode Debug|Win32
		{0732B4F0-A949-411D-9F8B-D9BD62CD01E2}.Static Unicode Debug.Build.0 = Static Unicode Debug|Win32
		{0732B4F0-A949-411D-9F8B-D9BD62CD01E2}.Static Unicode Debug with MFC DLL.ActiveCfg = Static Unicode Debug with MFC DLL|Win32
		{0732B4F0-A949-411D-9F8B-D9BD62CD01E2}.Static Unicode Debug with MFC DLL.Build.0 = Static Unicode Debug with MFC DLL|Win32
		{0732B4F0-A949-411D-9F8B-D9BD62CD01E2}.Static Unicode Release.ActiveCfg = Static Unicode Release|Win32
		{0732B4F0-A949-411D-9F8B-D9BD62CD01E2}.Static Unicode Release.Build.0 = Static Unicode Release|Win32
		{0732B4F0-A949-411D-9F8B-D9BD62CD01E2}.Static Unicode Release with MFC DLL.ActiveCfg = Static Unicode Release with MFC DLL|Win32
		{0732B4F0-A949-411D-9F8B-D9BD62CD01E2}.Static Unicode Release with MFC DLL.Build.0 = Static Unicode Release with MFC DLL|Win32
		{0732B4F0-A949-411D-9F8B-D9BD62CD01E2}.Unicode Debug.ActiveCfg = Unicode Debug|Win32
		{0732B4F0-A949-411D-9F8B-D9BD62CD01E2}.Unicode Debug.Build.0 = Unicode Debug|Win32
		{0732B4F0-A949-411D-9F8B-D9BD62CD01E2}.Unicode Release.ActiveCfg = Unicode Release|Win32
		{0732B4F0-A949-411D-9F8B-D9BD62CD01E2}.Unicode Release.Build.0 = Unicode Release|Win32
		{5059D713-0077-43EA-9F9F-FB1E179813E1}.Debug.ActiveCfg = Debug|Win32
		{5059D713-0077-43EA-9F9F-FB1E179813E1}.Debug.Build.0 = Debug|Win32
		{5059D713-0077-43EA-9F9F-FB1E179813E1}.MBCS Debug.ActiveCfg = MBCS Debug|Win32
		{5059D713-0077-43EA-9F9F-FB1E179813E1}.MBCS Debug.Build.0 = MBCS Debug|Win32
		{5059D713-0077-43EA-9F9F-FB1E179813E1}.MBCS Release.ActiveCfg = MBCS Release|Win32
		{5059D713-0077-43EA-9F9F-FB1E179813E1}.MBCS Release.Build.0 = MBCS Release|Win32
		{5059D713-0077-43EA-9F9F-FB1E179813E1}.Release.ActiveCfg = Release|Win32
		{5059D713-0077-43EA-9F9F-FB1E179813E1}.Release.Build.0 = Release|Win32
		{5059D713-0077-43EA-9F9F-FB1E179813E1}.Static Debug.ActiveCfg = Static Debug|Win32
		{5059D713-0077-43EA-9F9F-FB1E179813E1}.Static Debug.Build.0 = Static Debug|Win32
		{5059D713-0077-43EA-9F9F-FB1E179813E1}.Static Debug with MFC DLL.ActiveCfg = Static Debug with MFC DLL|Win32
		{5059D713-0077-43EA-9F9F-FB1E179813E1}.Static Debug with MFC DLL.Build.0 = Static Debug with MFC DLL|Win32
		{5059D713-0077-43EA-9F9F-FB1E179813E1}.Static MBCS Debug.ActiveCfg = Static MBCS Debug|Win32
		{5059D713-0077-43EA-9F9F-FB1E179813E1}.Static MBCS Debug.Build.0 = Static MBCS Debug|Win32
		{5059D713-0077-43EA-9F9F-FB1E179813E1}.Static MBCS Debug with MFC DLL.ActiveCfg = Static MBCS Debug with MFC DLL|Win32
		{5059D713-0077-43EA-9F9F-FB1E179813E1}.Static MBCS Debug with MFC DLL.Build.0 = Static MBCS Debug with MFC DLL|Win32
		{5059D713-0077-43EA-9F9F-FB1E179813E1}.Static MBCS Release.ActiveCfg = Static MBCS Release|Win32
		{5059D713-0077-43EA-9F9F-FB1E179813E1}.Static MBCS Release.Build.0 = Static MBCS Release|Win32
		{5059D713-0077-43EA-9F9F-FB1E179813E1}.Static MBCS Release with MFC DLL.ActiveCfg = Static MBCS Release with MFC DLL|Win32
		{5059D713-0077-43EA-9F9F-FB1E179813E1}.Static MBCS Release with MFC DLL.Build.0 = Static MBCS Release with MFC DLL|Win32
		{5059D713-0077-43EA-9F9F-FB1E179813E1}.Static Release.ActiveCfg = Static Release|Win32
		{5059D713-0077-43EA-9F9F-FB1E179813E1}.Static Release.Build.0 = Static Release|Win32
		{5059D713-0077-43EA-9F9F-FB1E179813E1}.Static Release with MFC DLL.ActiveCfg = Static Release with MFC DLL|Win32
		{5059D713-0077-43EA-9F9F-FB1E179813E1}.Static Release with MFC DLL.Build.0 = Static Release with MFC DLL|Win32
		{5059D713-0077-43EA-9F9F-FB1E179813E1}.Static Unicode Debug.ActiveCfg = Static Unicode Debug|Win32
		{5059D713-0077-43EA-9F9F-FB1E179813E1}.Static Unicode Debug.Build.0 = Static Unicode Debug|Win32
		{5059D713-0077-43EA-9F9F-FB1E179813E1}.Static Unicode Debug with MFC DLL.ActiveCfg = Static Unicode Debug with MFC DLL|Win32
		{5059D713-0077-43EA-9F9F-FB1E179813E1}.Static Unicode Debug with MFC DLL.Build.0 = Static Unicode Debug with MFC DLL|Win32
		{5059D713-0077-43EA-9F9F-FB1E179813E1}.Static Unicode Release.ActiveCfg = Static Unicode Release|Win32
		{5059D713-0077-43EA-9F9F-FB1E179813E1}.Static Unicode Release.Build.0 = Static Unicode Release|Win32
		{5059D713-0077-43EA-9F9F-FB1E179813E1}.Static Unicode Release with MFC DLL.ActiveCfg = Static Unicode Release with MFC DLL|Win32
		{5059D713-0077-43EA-9F9F-FB1E179813E1}.Static Unicode Release with MFC DLL.Build.0 = Static Unicode Release with MFC DLL|Win32
		{5059D713-0077-43EA-9F9F-FB1E179813E1}.Unicode Debug.ActiveCfg = Unicode Debug|Win32
		{5059D713-0077-43EA-9F9F-FB1E179813E1}.Unicode Debug.Build.0 = Unicode Debug|Win32
		{5059D713-0077-43EA-9F9F-FB1E179813E1}.Unicode Release.ActiveCfg = Unicode Release|Win32
		{5059D713-0077-43EA-9F9F-FB1E179813E1}.Unicode Release.Build.0 = Unicode Release|Win32
		{81E6429B-81D0-4AD6-9E10-CA7B52A7294C}.Debug.ActiveCfg = Debug|Win32
		{81E6429B-81D0-4AD6-9E10-CA7B52A7294C}.Debug.Build.0 = Debug|Win32
		{81E6429B-81D0-4AD6-9E10-CA7B52A7294C}.MBCS Debug.ActiveCfg = MBCS Debug|Win32
		{81E6429B-81D0-4AD6-9E10-CA7B52A7294C}.MBCS Debug.Build.0 = MBCS Debug|Win32
		{81E6429B-81D0-4AD6-9E10-CA7B52A7294C}.MBCS Release.ActiveCfg = MBCS Release|Win32
		{81E6429B-81D0-4AD6-9E10-CA7B52A7294C}.MBCS Release.Build.0 = MBCS Release|Win32
		{81E6429B-81D0-4AD6-9E10-CA7B52A7294C}.Release.ActiveCfg = Release|Win32
		{81E6429B-81D0-4AD6-9E10-CA7B52A7294C}.Release.Build.0 = Release|Win32
		{81E6429B-81D0-4AD6-9E10-CA7B52A7294C}.Static Debug.ActiveCfg = Static Debug|Win32
		{81E6429B-81D0-4AD6-9E10-CA7B52A7294C}.Static Debug.Build.0 = Static Debug|Win32
		{81E6429B-81D0-4AD6-9E10-CA7B52A7294C}.Static Debug with MFC DLL.ActiveCfg = Static Debug with MFC DLL|Win32
		{81E6429B-81D0-4AD6-9E10-CA7B52A7294C}.Static Debug with MFC DLL.Build.0 = Static Debug with MFC DLL|Win32
		{81E6429B-81D0-4AD6-9E10-CA7B52A7294C}.Static MBCS Debug.ActiveCfg = Static MBCS Debug|Win32
		{81E6429B-81D0-4AD6-9E10-CA7B52A7294C}.Static MBCS Debug.Build.0 = Static MBCS Debug|Win32
		{81E6429B-81D0-4AD6-9E10-CA7B52A7294C}.Static MBCS Debug with MFC DLL.ActiveCfg = Static MBCS Debug with MFC DLL|Win32
		{81E6429B-81D0-4AD6-9E10-CA7B52A7294C}.Static MBCS Debug with MFC DLL.Build.0 = Static MBCS Debug with MFC DLL|Win32
		{81E6429B-81D0-4AD6-9E10-CA7B52A7294C}.Static MBCS Release.ActiveCfg = Static MBCS Release|Win32
		{81E6429B-81D0-4AD6-9E10-CA7B52A7294C}.Static MBCS Release.Build.0 = Static MBCS Release|Win32
		{81E6429B-81D0-4AD6-9E10-CA7B52A7294C}.Static MBCS Release with MFC DLL.ActiveCfg = Static MBCS Release with MFC DLL|Win32
		{81E6429B-81D0-4AD6-9E10-CA7B52A7294C}.Static MBCS Release with MFC DLL.Build.0 = Static MBCS Release with MFC DLL|Win32
		{81E6429B-81D0-4AD6-9E10-CA7B52A7294C}.Static Release.ActiveCfg = Static Release|Win32
		{81E6429B-81D0-4AD6-9E10-CA7B52A7294C}.Static Release.Build.0 = Static Release|Win32
		{81E6429B-81D0-4AD6-9E10-CA7B52A7294C}.Static Release with MFC DLL.ActiveCfg = Static Release with MFC DLL|Win32
		{81E6429B-81D0-4AD6-9E10-CA7B52A7294C}.Static Release with MFC DLL.Build.0 = Static Release with MFC DLL|Win32
		{81E6429B-81D0-4AD6-9E10-CA7B52A7294C}.Static Unicode Debug.ActiveCfg = Static Unicode Debug|Win32
		{81E6429B-81D0-4AD6-9E10-CA7B52A7294C}.Static Unicode Debug.Build.0 = Static Unicode Debug|Win32
		{81E6429B-81D0-4AD6-9E10-CA7B52A7294C}.Static Unicode Debug with MFC DLL.ActiveCfg = Static Unicode Debug with MFC DLL|Win32
		{81E6429B-81D0-4AD6-9E10-CA7B52A7294C}.Static Unicode Debug with MFC DLL.Build.0 = Static Unicode Debug with MFC DLL|Win32
		{81E6429B-81D0-4AD6-9E10-CA7B52A7294C}.Static Unicode Release.ActiveCfg = Static Unicode Release|Win32
		{81E6429B-81D0-4AD6-9E10-CA7B52A7294C}.Static Unicode Release.Build.0 = Static Unicode Release|Win32
		{81E6429B-81D0-4AD6-9E10-CA7B52A7294C}.Static Unicode Release with MFC DLL.ActiveCfg = Static Unicode Release with MFC DLL|Win32
		{81E6429B-81D0-4AD6-9E10-CA7B52A7294C}.Static Unicode Release with MFC DLL.Build.0 = Static Unicode Release with MFC DLL|Win32
		{81E6429B-81D0-4AD6-9E10-CA7B52A7294C}.Unicode Debug.ActiveCfg = Unicode Debug|Win32
		{81E6429B-81D0-4AD6-9E10-CA7B52A7294C}.Unicode Debug.Build.0 = Unicode Debug|Win32
		{81E6429B-81D0-4AD6-9E10-CA7B52A7294C}.Unicode Release.ActiveCfg = Unicode Release|Win32
		{81E6429B-81D0-4AD6-9E10-CA7B52A7294C}.Unicode Release.Build.0 = Unicode Release|Win32
		{28BDD837-43C2-41DF-8216-182550DABD56}.Debug.ActiveCfg = Debug|Win32
		{28BDD837-43C2-41DF-8216-182550DABD56}.Debug.Build.0 = Debug|Win32
		{28BDD837-43C2-41DF-8216-182550DABD56}.MBCS Debug.ActiveCfg = MBCS Debug|Win32
		{28BDD837-43C2-41DF-8216-182550DABD56}.MBCS Debug.Build.0 = MBCS Debug|Win32
		{28BDD837-43C2-41DF-8216-182550DABD56}.MBCS Release.ActiveCfg = MBCS Release|Win32
		{28BDD837-43C2-41DF-8216-182550DABD56}.MBCS Release.Build.0 = MBCS Release|Win32
		{28BDD837-43C2-41DF-8216-182550DABD56}.Release.ActiveCfg = Release|Win32
		{28BDD837-43C2-41DF-8216-182550DABD56}.Release.Build.0 = Release|Win32
		{28BDD837-43C2-41DF-8216-182550DABD56}.Static Debug.ActiveCfg = Static Debug|Win32
		{28BDD837-43C2-41DF-8216-182550DABD56}.Static Debug.Build.0 = Static Debug|Win32
		{28BDD837-43C2-41DF-8216-182550DABD56}.Static Debug with MFC DLL.ActiveCfg = Static Debug with MFC DLL|Win32
		{28BDD837-43C2-41DF-8216-182550DABD56}.Static Debug with MFC DLL.Build.0 = Static Debug with MFC DLL|Win32
		{28BDD837-43C2-41DF-8216-182550DABD56}.Static MBCS Debug.ActiveCfg = Static MBCS Debug|Win32
		{28BDD837-43C2-41DF-8216-182550DABD56}.Static MBCS Debug.Build.0 = Static MBCS Debug|Win32
		{28BDD837-43C2-41DF-8216-182550DABD56}.Static MBCS Debug with MFC DLL.ActiveCfg = Static MBCS Debug with MFC DLL|Win32
		{28BDD837-43C2-41DF-8216-182550DABD56}.Static MBCS Debug with MFC DLL.Build.0 = Static MBCS Debug with MFC DLL|Win32
		{28BDD837-43C2-41DF-8216-182550DABD56}.Static MBCS Release.ActiveCfg = Static MBCS Release|Win32
		{28BDD837-43C2-41DF-8216-182550DABD56}.Static MBCS Release.Build.0 = Static MBCS Release|Win32
		{28BDD837-43C2-41DF-8216-182550DABD56}.Static MBCS Release with MFC DLL.ActiveCfg = Static MBCS Release with MFC DLL|Win32
		{28BDD837-43C2-41DF-8216-182550DABD56}.Static MBCS Release with MFC DLL.Build.0 = Static MBCS Release with MFC DLL|Win32
		{28BDD837-43C2-41DF-8216-182550DABD56}.Static Release.ActiveCfg = Static Release|Win32
		{28BDD837-43C2-41DF-8216-182550DABD56}.Static Release.Build.0 = Static Release|Win32
		{28BDD837-43C2-41DF-8216-182550DABD56}.Static Release with MFC DLL.ActiveCfg = Static Release with MFC DLL|Win32
		{28BDD837-43C2-41DF-8216-182550DABD56}.Static Release with MFC DLL.Build.0 = Static Release with MFC DLL|Win32
		{28BDD837-43C2-41DF-8216-182550DABD56}.Static Unicode Debug.ActiveCfg = Static Unicode Debug|Win32
		{28BDD837-43C2-41DF-8216-182550DABD56}.Static Unicode Debug.Build.0 = Static Unicode Debug|Win32
		{28BDD837-43C2-41DF-8216-182550DABD56}.Static Unicode Debug with MFC DLL.ActiveCfg = Static Unicode Debug with MFC DLL|Win32
		{28BDD837-43C2-41DF-8216-182550DABD56}.Static Unicode Debug with MFC DLL.Build.0 = Static Unicode Debug with MFC DLL|Win32
		{28BDD837-43C2-41DF-8216-182550DABD56}.Static Unicode Release.ActiveCfg = Static Unicode Release|Win32
		{28BDD837-43C2-41DF-8216-182550DABD56}.Static Unicode Release.Build.0 = Static Unicode Release|Win32
		{28BDD837-43C2-41DF-8216-182550DABD56}.Static Unicode Release with MFC DLL.ActiveCfg = Static Unicode Release with MFC DLL|Win32
		{28BDD837-43C2-41DF-8216-182550DABD56}.Static Unicode Release with MFC DLL.Build.0 = Static Unicode Release with MFC DLL|Win32
		{28BDD837-43C2-41DF-8216-182550DABD56}.Unicode Debug.ActiveCfg = Unicode Debug|Win32
		{28BDD837-43C2-41DF-8216-182550DABD56}.Unicode Debug.Build.0 = Unicode Debug|Win32
		{28BDD837-43C2-41DF-8216-182550DABD56}.Unicode Release.ActiveCfg = Unicode Release|Win32
		{28BDD837-43C2-41DF-8216-182550DABD56}.Unicode Release.Build.0 = Unicode Release|Win32
		{26740828-1EE9-450C-9B16-C4B85EBABB64}.Debug.ActiveCfg = Debug|Win32
		{26740828-1EE9-450C-9B16-C4B85EBABB64}.Debug.Build.0 = Debug|Win32
		{26740828-1EE9-450C-9B16-C4B85EBABB64}.MBCS Debug.ActiveCfg = MBCS Debug|Win32
		{26740828-1EE9-450C-9B16-C4B85EBABB64}.MBCS Debug.Build.0 = MBCS Debug|Win32
		{26740828-1EE9-450C-9B16-C4B85EBABB64}.MBCS Release.ActiveCfg = MBCS Release|Win32
		{26740828-1EE9-450C-9B16-C4B85EBABB64}.MBCS Release.Build.0 = MBCS Release|Win32
		{26740828-1EE9-450C-9B16-C4B85EBABB64}.Release.ActiveCfg = Release|Win32
		{26740828-1EE9-450C-9B16-C4B85EBABB64}.Release.Build.0 = Release|Win32
		{26740828-1EE9-450C-9B16-C4B85EBABB64}.Static Debug.ActiveCfg = Static Debug|Win32
		{26740828-1EE9-450C-9B16-C4B85EBABB64}.Static Debug.Build.0 = Static Debug|Win32
		{26740828-1EE9-450C-9B16-C4B85EBABB64}.Static Debug with MFC DLL.ActiveCfg = Static Debug with MFC DLL|Win32
		{26740828-1EE9-450C-9B16-C4B85EBABB64}.Static Debug with MFC DLL.Build.0 = Static Debug with MFC DLL|Win32
		{26740828-1EE9-450C-9B16-C4B85EBABB64}.Static MBCS Debug.ActiveCfg = Static MBCS Debug|Win32
		{26740828-1EE9-450C-9B16-C4B85EBABB64}.Static MBCS Debug.Build.0 = Static MBCS Debug|Win32
		{26740828-1EE9-450C-9B16-C4B85EBABB64}.Static MBCS Debug with MFC DLL.ActiveCfg = Static MBCS Debug with MFC DLL|Win32
		{26740828-1EE9-450C-9B16-C4B85EBABB64}.Static MBCS Debug with MFC DLL.Build.0 = Static MBCS Debug with MFC DLL|Win32
		{26740828-1EE9-450C-9B16-C4B85EBABB64}.Static MBCS Release.ActiveCfg = Static MBCS Release|Win32
		{26740828-1EE9-450C-9B16-C4B85EBABB64}.Static MBCS Release.Build.0 = Static MBCS Release|Win32
		{26740828-1EE9-450C-9B16-C4B85EBABB64}.Static MBCS Release with MFC DLL.ActiveCfg = Static MBCS Release with MFC DLL|Win32
		{26740828-1EE9-450C-9B16-C4B85EBABB64}.Static MBCS Release with MFC DLL.Build.0 = Static MBCS Release with MFC DLL|Win32
		{26740828-1EE9-450C-9B16-C4B85EBABB64}.Static Release.ActiveCfg = Static Release|Win32
		{26740828-1EE9-450C-9B16-C4B85EBABB64}.Static Release.Build.0 = Static Release|Win32
		{26740828-1EE9-450C-9B16-C4B85EBABB64}.Static Release with MFC DLL.ActiveCfg = Static Release with MFC DLL|Win32
		{26740828-1EE9-450C-9B16-C4B85EBABB64}.Static Release with MFC DLL.Build.0 = Static Release with MFC DLL|Win32
		{26740828-1EE9-450C-9B16-C4B85EBABB64}.Static Unicode Debug.ActiveCfg = Static Unicode Debug|Win32
		{26740828-1EE9-450C-9B16-C4B85EBABB64}.Static Unicode Debug.Build.0 = Static Unicode Debug|Win32
		{26740828-1EE9-450C-9B16-C4B85EBABB64}.Static Unicode Debug with MFC DLL.ActiveCfg = Static Unicode Debug with MFC DLL|Win32
		{26740828-1EE9-450C-9B16-C4B85EBABB64}.Static Unicode Debug with MFC DLL.Build.0 = Static Unicode Debug with MFC DLL|Win32
		{26740828-1EE9-450C-9B16-C4B85EBABB64}.Static Unicode Release.ActiveCfg = Static Unicode Release|Win32
		{26740828-1EE9-450C-9B16-C4B85EBABB64}.Static Unicode Release.Build.0 = Static Unicode Release|Win32
		{26740828-1EE9-450C-9B16-C4B85EBABB64}.Static Unicode Release with MFC DLL.ActiveCfg = Static Unicode Release with MFC DLL|Win32
		{26740828-1EE9-450C-9B16-C4B85EBABB64}.Static Unicode Release with MFC DLL.Build.0 = Static Unicode Release with MFC DLL|Win32
		{26740828-1EE9-450C-9B16-C4B85EBABB64}.Unicode Debug.ActiveCfg = Unicode Debug|Win32
		{26740828-1EE9-450C-9B16-C4B85EBABB64}.Unicode Debug.Build.0 = Unicode Debug|Win32
		{26740828-1EE9-450C-9B16-C4B85EBABB64}.Unicode Release.ActiveCfg = Unicode Release|Win32
		{26740828-1EE9-450C-9B16-C4B85EBABB64}.Unicode Release.Build.0 = Unicode Release|Win32
		{6A11E548-BEA0-4B1B-BB5C-FFCEA4501849}.Debug.ActiveCfg = Debug|Win32
		{6A11E548-BEA0-4B1B-BB5C-FFCEA4501849}.Debug.Build.0 = Debug|Win32
		{6A11E548-BEA0-4B1B-BB5C-FFCEA4501849}.MBCS Debug.ActiveCfg = MBCS Debug|Win32
		{6A11E548-BEA0-4B1B-BB5C-FFCEA4501849}.MBCS Debug.Build.0 = MBCS Debug|Win32
		{6A11E548-BEA0-4B1B-BB5C-FFCEA4501849}.MBCS Release.ActiveCfg = MBCS Release|Win32
		{6A11E548-BEA0-4B1B-BB5C-FFCEA4501849}.MBCS Release.Build.0 = MBCS Release|Win32
		{6A11E548-BEA0-4B1B-BB5C-FFCEA4501849}.Release.ActiveCfg = Release|Win32
		{6A11E548-BEA0-4B1B-BB5C-FFCEA4501849}.Release.Build.0 = Release|Win32
		{6A11E548-BEA0-4B1B-BB5C-FFCEA4501849}.Static Debug.ActiveCfg = Debug|Win32
		{6A11E548-BEA0-4B1B-BB5C-FFCEA4501849}.Static Debug.Build.0 = Debug|Win32
		{6A11E548-BEA0-4B1B-BB5C-FFCEA4501849}.Static Debug with MFC DLL.ActiveCfg = Debug|Win32
		{6A11E548-BEA0-4B1B-BB5C-FFCEA4501849}.Static Debug with MFC DLL.Build.0 = Debug|Win32
		{6A11E548-BEA0-4B1B-BB5C-FFCEA4501849}.Static MBCS Debug.ActiveCfg = MBCS Debug|Win32
		{6A11E548-BEA0-4B1B-BB5C-FFCEA4501849}.Static MBCS Debug.Build.0 = MBCS Debug|Win32
		{6A11E548-BEA0-4B1B-BB5C-FFCEA4501849}.Static MBCS Debug with MFC DLL.ActiveCfg = MBCS Debug|Win32
		{6A11E548-BEA0-4B1B-BB5C-FFCEA4501849}.Static MBCS Debug with MFC DLL.Build.0 = MBCS Debug|Win32
		{6A11E548-BEA0-4B1B-BB5C-FFCEA4501849}.Static MBCS Release.ActiveCfg = MBCS Release|Win32
		{6A11E548-BEA0-4B1B-BB5C-FFCEA4501849}.Static MBCS Release.Build.0 = MBCS Release|Win32
		{6A11E548-BEA0-4B1B-BB5C-FFCEA4501849}.Static MBCS Release with MFC DLL.ActiveCfg = MBCS Release|Win32
		{6A11E548-BEA0-4B1B-BB5C-FFCEA4501849}.Static MBCS Release with MFC DLL.Build.0 = MBCS Release|Win32
		{6A11E548-BEA0-4B1B-BB5C-FFCEA4501849}.Static Release.ActiveCfg = Release|Win32
		{6A11E548-BEA0-4B1B-BB5C-FFCEA4501849}.Static Release.Build.0 = Release|Win32
		{6A11E548-BEA0-4B1B-BB5C-FFCEA4501849}.Static Release with MFC DLL.ActiveCfg = Release|Win32
		{6A11E548-BEA0-4B1B-BB5C-FFCEA4501849}.Static Release with MFC DLL.Build.0 = Release|Win32
		{6A11E548-BEA0-4B1B-BB5C-FFCEA4501849}.Static Unicode Debug.ActiveCfg = Unicode Debug|Win32
		{6A11E548-BEA0-4B1B-BB5C-FFCEA4501849}.Static Unicode Debug.Build.0 = Unicode Debug|Win32
		{6A11E548-BEA0-4B1B-BB5C-FFCEA4501849}.Static Unicode Debug with MFC DLL.ActiveCfg = Unicode Debug|Win32
		{6A11E548-BEA0-4B1B-BB5C-FFCEA4501849}.Static Unicode Debug with MFC DLL.Build.0 = Unicode Debug|Win32
		{6A11E548-BEA0-4B1B-BB5C-FFCEA4501849}.Static Unicode Release.ActiveCfg = Unicode Release|Win32
		{6A11E548-BEA0-4B1B-BB5C-FFCEA4501849}.Static Unicode Release.Build.0 = Unicode Release|Win32
		{6A11E548-BEA0-4B1B-BB5C-FFCEA4501849}.Static Unicode Release with MFC DLL.ActiveCfg = Unicode Release|Win32
		{6A11E548-BEA0-4B1B-BB5C-FFCEA4501849}.Static Unicode Release with MFC DLL.Build.0 = Unicode Release|Win32
		{6A11E548-BEA0-4B1B-BB5C-FFCEA4501849}.Unicode Debug.ActiveCfg = Unicode Debug|Win32
		{6A11E548-BEA0-4B1B-BB5C-FFCEA4501849}.Unicode Debug.Build.0 = Unicode Debug|Win32
		{6A11E548-BEA0-4B1B-BB5C-FFCEA4501849}.Unicode Release.ActiveCfg = Unicode Release|Win32
		{6A11E548-BEA0-4B1B-BB5C-FFCEA4501849}.Unicode Release.Build.0 = Unicode Release|Win32
		{ACABCB44-FF71-40A3-9571-22FA04ED70B3}.Debug.ActiveCfg = Static Unicode Debug with MFC DLL|Win32
		{ACABCB44-FF71-40A3-9571-22FA04ED70B3}.Debug.Build.0 = Static Unicode Debug with MFC DLL|Win32
		{ACABCB44-FF71-40A3-9571-22FA04ED70B3}.MBCS Debug.ActiveCfg = Static MBCS Debug with MFC DLL|Win32
		{ACABCB44-FF71-40A3-9571-22FA04ED70B3}.MBCS Debug.Build.0 = Static MBCS Debug with MFC DLL|Win32
		{ACABCB44-FF71-40A3-9571-22FA04ED70B3}.MBCS Release.ActiveCfg = Static MBCS Release|Win32
		{ACABCB44-FF71-40A3-9571-22FA04ED70B3}.MBCS Release.Build.0 = Static MBCS Release|Win32
		{ACABCB44-FF71-40A3-9571-22FA04ED70B3}.Release.ActiveCfg = Static Unicode Release with MFC DLL|Win32
		{ACABCB44-FF71-40A3-9571-22FA04ED70B3}.Release.Build.0 = Static Unicode Release with MFC DLL|Win32
		{ACABCB44-FF71-40A3-9571-22FA04ED70B3}.Static Debug.ActiveCfg = Static Debug|Win32
		{ACABCB44-FF71-40A3-9571-22FA04ED70B3}.Static Debug.Build.0 = Static Debug|Win32
		{ACABCB44-FF71-40A3-9571-22FA04ED70B3}.Static Debug with MFC DLL.ActiveCfg = Static Debug with MFC DLL|Win32
		{ACABCB44-FF71-40A3-9571-22FA04ED70B3}.Static Debug with MFC DLL.Build.0 = Static Debug with MFC DLL|Win32
		{ACABCB44-FF71-40A3-9571-22FA04ED70B3}.Static MBCS Debug.ActiveCfg = Static MBCS Debug|Win32
		{ACABCB44-FF71-40A3-9571-22FA04ED70B3}.Static MBCS Debug.Build.0 = Static MBCS Debug|Win32
		{ACABCB44-FF71-40A3-9571-22FA04ED70B3}.Static MBCS Debug with MFC DLL.ActiveCfg = Static MBCS Debug with MFC DLL|Win32
		{ACABCB44-FF71-40A3-9571-22FA04ED70B3}.Static MBCS Debug with MFC DLL.Build.0 = Static MBCS Debug with MFC DLL|Win32
		{ACABCB44-FF71-40A3-9571-22FA04ED70B3}.Static MBCS Release.ActiveCfg = Static MBCS Release|Win32
		{ACABCB44-FF71-40A3-9571-22FA04ED70B3}.Static MBCS Release.Build.0 = Static MBCS Release|Win32
		{ACABCB44-FF71-40A3-9571-22FA04ED70B3}.Static MBCS Release with MFC DLL.ActiveCfg = Static MBCS Release with MFC DLL|Win32
		{ACABCB44-FF71-40A3-9571-22FA04ED70B3}.Static MBCS Release with MFC DLL.Build.0 = Static MBCS Release with MFC DLL|Win32
		{ACABCB44-FF71-40A3-9571-22FA04ED70B3}.Static Release.ActiveCfg = Static Release|Win32
		{ACABCB44-FF71-40A3-9571-22FA04ED70B3}.Static Release.Build.0 = Static Release|Win32
		{ACABCB44-FF71-40A3-9571-22FA04ED70B3}.Static Release with MFC DLL.ActiveCfg = Static Release with MFC DLL|Win32
		{ACABCB44-FF71-40A3-9571-22FA04ED70B3}.Static Release with MFC DLL.Build.0 = Static Release with MFC DLL|Win32
		{ACABCB44-FF71-40A3-9571-22FA04ED70B3}.Static Unicode Debug.ActiveCfg = Static Unicode Debug|Win32
		{ACABCB44-FF71-40A3-9571-22FA04ED70B3}.Static Unicode Debug.Build.0 = Static Unicode Debug|Win32
		{ACABCB44-FF71-40A3-9571-22FA04ED70B3}.Static Unicode Debug with MFC DLL.ActiveCfg = Static Unicode Debug with MFC DLL|Win32
		{ACABCB44-FF71-40A3-9571-22FA04ED70B3}.Static Unicode Debug with MFC DLL.Build.0 = Static Unicode Debug with MFC DLL|Win32
		{ACABCB44-FF71-40A3-9571-22FA04ED70B3}.Static Unicode Release.ActiveCfg = Static Unicode Release|Win32
		{ACABCB44-FF71-40A3-9571-22FA04ED70B3}.Static Unicode Release.Build.0 = Static Unicode Release|Win32
		{ACABCB44-FF71-40A3-9571-22FA04ED70B3}.Static Unicode Release with MFC DLL.ActiveCfg = Static Unicode Release with MFC DLL|Win32
		{ACABCB44-FF71-40A3-9571-22FA04ED70B3}.Static Unicode Release with MFC DLL.Build.0 = Static Unicode Release with MFC DLL|Win32
		{ACABCB44-FF71-40A3-9571-22FA04ED70B3}.Unicode Debug.ActiveCfg = Static Unicode Debug with MFC DLL|Win32
		{ACABCB44-FF71-40A3-9571-22FA04ED70B3}.Unicode Debug.Build.0 = Static Unicode Debug with MFC DLL|Win32
		{ACABCB44-FF71-40A3-9571-22FA04ED70B3}.Unicode Release.ActiveCfg = Static Unicode Release with MFC DLL|Win32
		{ACABCB44-FF71-40A3-9571-22FA04ED70B3}.Unicode Release.Build.0 = Static Unicode Release with MFC DLL|Win32
	EndGlobalSection
	GlobalSection(ExtensibilityGlobals) = postSolution
	EndGlobalSection
	GlobalSection(ExtensibilityAddIns) = postSolution
	EndGlobalSection
EndGlobal
